
Microsoft Visual Studio Solution File, Format Version 12.00
# Visual Studio Version 17
VisualStudioVersion = 17.4.33213.308
MinimumVisualStudioVersion = 10.0.40219.1
Project("{9A19103F-16F7-4668-BE54-9A1E7A4F7556}") = "Test", "Test\Test.csproj", "{08A4276E-D8FC-4D4A-B643-ACEDAB716169}"
EndProject
Project("{9A19103F-16F7-4668-BE54-9A1E7A4F7556}") = "Training", "Training\Training.csproj", "{C7075866-8165-43FC-991A-186C11D4EBFB}"
EndProject
Project("{FAE04EC0-301F-11D3-BF4B-00C04F79EFBC}") = "ClassLibrary", "ClassLibrary\ClassLibrary.csproj", "{7F10A241-7985-4E3B-81D1-3C0E87AA5414}"
EndProject
Global
	GlobalSection(SolutionConfigurationPlatforms) = preSolution
		Debug|Any CPU = Debug|Any CPU
		Release|Any CPU = Release|Any CPU
	EndGlobalSection
	GlobalSection(ProjectConfigurationPlatforms) = postSolution
		{08A4276E-D8FC-4D4A-B643-ACEDAB716169}.Debug|Any CPU.ActiveCfg = Debug|Any CPU
		{08A4276E-D8FC-4D4A-B643-ACEDAB716169}.Debug|Any CPU.Build.0 = Debug|Any CPU
		{08A4276E-D8FC-4D4A-B643-ACEDAB716169}.Release|Any CPU.ActiveCfg = Release|Any CPU
		{08A4276E-D8FC-4D4A-B643-ACEDAB716169}.Release|Any CPU.Build.0 = Release|Any CPU
		{C7075866-8165-43FC-991A-186C11D4EBFB}.Debug|Any CPU.ActiveCfg = Debug|Any CPU
		{C7075866-8165-43FC-991A-186C11D4EBFB}.Debug|Any CPU.Build.0 = Debug|Any CPU
		{C7075866-8165-43FC-991A-186C11D4EBFB}.Release|Any CPU.ActiveCfg = Release|Any CPU
		{C7075866-8165-43FC-991A-186C11D4EBFB}.Release|Any CPU.Build.0 = Release|Any CPU
		{7F10A241-7985-4E3B-81D1-3C0E87AA5414}.Debug|Any CPU.ActiveCfg = Debug|Any CPU
		{7F10A241-7985-4E3B-81D1-3C0E87AA5414}.Debug|Any CPU.Build.0 = Debug|Any CPU
		{7F10A241-7985-4E3B-81D1-3C0E87AA5414}.Release|Any CPU.ActiveCfg = Release|Any CPU
		{7F10A241-7985-4E3B-81D1-3C0E87AA5414}.Release|Any CPU.Build.0 = Release|Any CPU
	EndGlobalSection
	GlobalSection(SolutionProperties) = preSolution
		HideSolutionNode = FALSE
	EndGlobalSection
	GlobalSection(ExtensibilityGlobals) = postSolution
		SolutionGuid = {D0B5D673-5F13-4967-98EB-BC52DAC19B9A}
	EndGlobalSection
EndGlobal
