
Microsoft Visual Studio Solution File, Format Version 12.00
# Visual Studio Version 17
VisualStudioVersion = 17.4.33213.308
MinimumVisualStudioVersion = 10.0.40219.1
Project("{FAE04EC0-301F-11D3-BF4B-00C04F79EFBC}") = "Training", "Training.csproj", "{E9417E95-E824-4AB9-9764-CE8FB61E64DB}"
EndProject
Global
	GlobalSection(SolutionConfigurationPlatforms) = preSolution
		Debug|Any CPU = Debug|Any CPU
		Release|Any CPU = Release|Any CPU
	EndGlobalSection
	GlobalSection(ProjectConfigurationPlatforms) = postSolution
		{E9417E95-E824-4AB9-9764-CE8FB61E64DB}.Debug|Any CPU.ActiveCfg = Debug|Any CPU
		{E9417E95-E824-4AB9-9764-CE8FB61E64DB}.Debug|Any CPU.Build.0 = Debug|Any CPU
		{E9417E95-E824-4AB9-9764-CE8FB61E64DB}.Release|Any CPU.ActiveCfg = Release|Any CPU
		{E9417E95-E824-4AB9-9764-CE8FB61E64DB}.Release|Any CPU.Build.0 = Release|Any CPU
	EndGlobalSection
	GlobalSection(SolutionProperties) = preSolution
		HideSolutionNode = FALSE
	EndGlobalSection
	GlobalSection(ExtensibilityGlobals) = postSolution
		SolutionGuid = {D0B5D673-5F13-4967-98EB-BC52DAC19B9A}
	EndGlobalSection
EndGlobal
